<?xml version="1.0" encoding="utf-8"?>
<Project ToolsVersion="4.0" xmlns="http://schemas.microsoft.com/developer/msbuild/2003">
  <ItemGroup>
    <Filter Include="Source Files">
      <UniqueIdentifier>{4FC737F1-C7A5-4376-A066-2A32D752A2FF}</UniqueIdentifier>
      <Extensions>cpp;c;cc;cxx;def;odl;idl;hpj;bat;asm;asmx</Extensions>
    </Filter>
    <Filter Include="Header Files">
      <UniqueIdentifier>{93995380-89BD-4b04-88EB-625FBE52EBFB}</UniqueIdentifier>
      <Extensions>h;hh;hpp;hxx;hm;inl;inc;xsd</Extensions>
    </Filter>
    <Filter Include="Resource Files">
      <UniqueIdentifier>{67DA6AB6-F800-4c08-8B7A-83BB121AAD01}</UniqueIdentifier>
      <Extensions>rc;ico;cur;bmp;dlg;rc2;rct;bin;rgs;gif;jpg;jpeg;jpe;resx;tiff;tif;png;wav;mfcribbon-ms</Extensions>
    </Filter>
  </ItemGroup>
  <ItemGroup>
    <ClCompile Include="1002_실패.cpp">
      <Filter>Source Files</Filter>
    </ClCompile>
    <ClCompile Include="1009.cpp">
      <Filter>Source Files</Filter>
    </ClCompile>
    <ClCompile Include="1019_시간초과.cpp">
      <Filter>Source Files</Filter>
    </ClCompile>
    <ClCompile Include="1026.cpp">
      <Filter>Source Files</Filter>
    </ClCompile>
    <ClCompile Include="1110.cpp">
      <Filter>Source Files</Filter>
    </ClCompile>
    <ClCompile Include="1158.cpp">
      <Filter>Source Files</Filter>
    </ClCompile>
    <ClCompile Include="1212.cpp">
      <Filter>Source Files</Filter>
    </ClCompile>
    <ClCompile Include="1225.cpp">
      <Filter>Source Files</Filter>
    </ClCompile>
    <ClCompile Include="1373.cpp">
      <Filter>Source Files</Filter>
    </ClCompile>
    <ClCompile Include="1676.cpp">
      <Filter>Source Files</Filter>
    </ClCompile>
    <ClCompile Include="1759_민순쓰.cpp">
      <Filter>Source Files</Filter>
    </ClCompile>
    <ClCompile Include="1850.cpp">
      <Filter>Source Files</Filter>
    </ClCompile>
    <ClCompile Include="1934.cpp">
      <Filter>Source Files</Filter>
    </ClCompile>
    <ClCompile Include="1978.cpp">
      <Filter>Source Files</Filter>
    </ClCompile>
    <ClCompile Include="2004.cpp">
      <Filter>Source Files</Filter>
    </ClCompile>
    <ClCompile Include="2530.cpp">
      <Filter>Source Files</Filter>
    </ClCompile>
    <ClCompile Include="2588.cpp">
      <Filter>Source Files</Filter>
    </ClCompile>
    <ClCompile Include="2609(최대공약수최소공배수).cpp">
      <Filter>Source Files</Filter>
    </ClCompile>
    <ClCompile Include="2739.cpp">
      <Filter>Source Files</Filter>
    </ClCompile>
    <ClCompile Include="2745.cpp">
      <Filter>Source Files</Filter>
    </ClCompile>
    <ClCompile Include="2822.cpp">
      <Filter>Source Files</Filter>
    </ClCompile>
    <ClCompile Include="2902.cpp">
      <Filter>Source Files</Filter>
    </ClCompile>
    <ClCompile Include="2908.cpp">
      <Filter>Source Files</Filter>
    </ClCompile>
    <ClCompile Include="2914.cpp">
      <Filter>Source Files</Filter>
    </ClCompile>
    <ClCompile Include="2920.cpp">
      <Filter>Source Files</Filter>
    </ClCompile>
    <ClCompile Include="2954.cpp">
      <Filter>Source Files</Filter>
    </ClCompile>
    <ClCompile Include="5054.cpp">
      <Filter>Source Files</Filter>
    </ClCompile>
    <ClCompile Include="9012.cpp">
      <Filter>Source Files</Filter>
    </ClCompile>
    <ClCompile Include="9295.cpp">
      <Filter>Source Files</Filter>
    </ClCompile>
    <ClCompile Include="9498.cpp">
      <Filter>Source Files</Filter>
    </ClCompile>
    <ClCompile Include="9613.cpp">
      <Filter>Source Files</Filter>
    </ClCompile>
    <ClCompile Include="10156.cpp">
      <Filter>Source Files</Filter>
    </ClCompile>
    <ClCompile Include="10157_xy부터다시.cpp">
      <Filter>Source Files</Filter>
    </ClCompile>
    <ClCompile Include="10178.cpp">
      <Filter>Source Files</Filter>
    </ClCompile>
    <ClCompile Include="10430.cpp">
      <Filter>Source Files</Filter>
    </ClCompile>
    <ClCompile Include="10797.cpp">
      <Filter>Source Files</Filter>
    </ClCompile>
    <ClCompile Include="10798.cpp">
      <Filter>Source Files</Filter>
    </ClCompile>
    <ClCompile Include="10799.cpp">
      <Filter>Source Files</Filter>
    </ClCompile>
    <ClCompile Include="10800_시간초과.cpp">
      <Filter>Source Files</Filter>
    </ClCompile>
    <ClCompile Include="10800_시간초과2.cpp">
      <Filter>Source Files</Filter>
    </ClCompile>
    <ClCompile Include="10801.cpp">
      <Filter>Source Files</Filter>
    </ClCompile>
    <ClCompile Include="10804.cpp">
      <Filter>Source Files</Filter>
    </ClCompile>
    <ClCompile Include="10808.cpp">
      <Filter>Source Files</Filter>
    </ClCompile>
    <ClCompile Include="10809.cpp">
      <Filter>Source Files</Filter>
    </ClCompile>
    <ClCompile Include="10817.cpp">
      <Filter>Source Files</Filter>
    </ClCompile>
    <ClCompile Include="10820.cpp">
      <Filter>Source Files</Filter>
    </ClCompile>
    <ClCompile Include="10833.cpp">
      <Filter>Source Files</Filter>
    </ClCompile>
    <ClCompile Include="10836_시간초과.cpp">
      <Filter>Source Files</Filter>
    </ClCompile>
    <ClCompile Include="10871.cpp">
      <Filter>Source Files</Filter>
    </ClCompile>
    <ClCompile Include="10872.cpp">
      <Filter>Source Files</Filter>
    </ClCompile>
    <ClCompile Include="10886.cpp">
      <Filter>Source Files</Filter>
    </ClCompile>
    <ClCompile Include="10952.cpp">
      <Filter>Source Files</Filter>
    </ClCompile>
    <ClCompile Include="10991.cpp">
      <Filter>Source Files</Filter>
    </ClCompile>
    <ClCompile Include="11005.cpp">
      <Filter>Source Files</Filter>
    </ClCompile>
    <ClCompile Include="11497.cpp">
      <Filter>Source Files</Filter>
    </ClCompile>
    <ClCompile Include="11504.cpp">
      <Filter>Source Files</Filter>
    </ClCompile>
    <ClCompile Include="11564_틀렷.cpp">
      <Filter>Source Files</Filter>
    </ClCompile>
    <ClCompile Include="11653.cpp">
      <Filter>Source Files</Filter>
    </ClCompile>
    <ClCompile Include="11655.cpp">
      <Filter>Source Files</Filter>
    </ClCompile>
    <ClCompile Include="11656.cpp">
      <Filter>Source Files</Filter>
    </ClCompile>
    <ClCompile Include="11718~9.cpp">
      <Filter>Source Files</Filter>
    </ClCompile>
    <ClCompile Include="11945.cpp">
      <Filter>Source Files</Filter>
    </ClCompile>
    <ClCompile Include="11948.cpp">
      <Filter>Source Files</Filter>
    </ClCompile>
    <ClCompile Include="12778.cpp">
      <Filter>Source Files</Filter>
    </ClCompile>
    <ClCompile Include="12780_틀렸.cpp">
      <Filter>Source Files</Filter>
    </ClCompile>
    <ClCompile Include="star.cpp">
      <Filter>Source Files</Filter>
    </ClCompile>
    <ClCompile Include="11652.cpp">
      <Filter>Source Files</Filter>
    </ClCompile>
    <ClCompile Include="10974.cpp">
      <Filter>Source Files</Filter>
    </ClCompile>
    <ClCompile Include="1924.cpp">
      <Filter>Source Files</Filter>
    </ClCompile>
    <ClCompile Include="7576.cpp">
      <Filter>Source Files</Filter>
    </ClCompile>
    <ClCompile Include="알고스팟.cpp">
      <Filter>Source Files</Filter>
    </ClCompile>
    <ClCompile Include="1149.cpp">
      <Filter>Source Files</Filter>
    </ClCompile>
    <ClCompile Include="10844.cpp">
      <Filter>Source Files</Filter>
    </ClCompile>
    <ClCompile Include="11057.cpp">
      <Filter>Source Files</Filter>
    </ClCompile>
    <ClCompile Include="게임판.cpp">
      <Filter>Source Files</Filter>
    </ClCompile>
    <ClCompile Include="1012.cpp">
      <Filter>Source Files</Filter>
    </ClCompile>
    <ClCompile Include="11052.cpp">
      <Filter>Source Files</Filter>
    </ClCompile>
    <ClCompile Include="9461.cpp">
      <Filter>Source Files</Filter>
    </ClCompile>
    <ClCompile Include="2193.cpp">
      <Filter>Source Files</Filter>
    </ClCompile>
    <ClCompile Include="1003.cpp">
      <Filter>Source Files</Filter>
    </ClCompile>
    <ClCompile Include="11726.cpp">
      <Filter>Source Files</Filter>
    </ClCompile>
    <ClCompile Include="2156.cpp">
      <Filter>Source Files</Filter>
    </ClCompile>
    <ClCompile Include="4811.cpp">
      <Filter>Source Files</Filter>
    </ClCompile>
    <ClCompile Include="10163.cpp">
      <Filter>Source Files</Filter>
    </ClCompile>
    <ClCompile Include="9184.cpp">
      <Filter>Source Files</Filter>
    </ClCompile>
    <ClCompile Include="9465.cpp">
      <Filter>Source Files</Filter>
    </ClCompile>
    <ClCompile Include="11048.cpp">
      <Filter>Source Files</Filter>
    </ClCompile>
    <ClCompile Include="2011.cpp">
      <Filter>Source Files</Filter>
    </ClCompile>
    <ClCompile Include="2178.cpp">
      <Filter>Source Files</Filter>
    </ClCompile>
    <ClCompile Include="1697.cpp">
      <Filter>Source Files</Filter>
    </ClCompile>
    <ClCompile Include="1670.cpp">
      <Filter>Source Files</Filter>
    </ClCompile>
    <ClCompile Include="5014.cpp">
      <Filter>Source Files</Filter>
    </ClCompile>
    <ClCompile Include="10815.cpp">
      <Filter>Source Files</Filter>
    </ClCompile>
    <ClCompile Include="1780.cpp">
      <Filter>Source Files</Filter>
    </ClCompile>
    <ClCompile Include="1992.cpp">
      <Filter>Source Files</Filter>
    </ClCompile>
    <ClCompile Include="2644.cpp">
      <Filter>Source Files</Filter>
    </ClCompile>
    <ClCompile Include="11724.cpp">
      <Filter>Source Files</Filter>
    </ClCompile>
    <ClCompile Include="1967.cpp">
      <Filter>Source Files</Filter>
    </ClCompile>
    <ClCompile Include="1929.cpp">
      <Filter>Source Files</Filter>
    </ClCompile>
    <ClCompile Include="6588_시간초과.cpp">
      <Filter>Source Files</Filter>
    </ClCompile>
    <ClCompile Include="11279.cpp">
      <Filter>Source Files</Filter>
    </ClCompile>
    <ClCompile Include="2262.cpp">
      <Filter>Source Files</Filter>
    </ClCompile>
    <ClCompile Include="2751.cpp">
      <Filter>Source Files</Filter>
    </ClCompile>
    <ClCompile Include="1520.cpp">
      <Filter>Source Files</Filter>
    </ClCompile>
    <ClCompile Include="1937.cpp">
      <Filter>Source Files</Filter>
    </ClCompile>
    <ClCompile Include="11650.cpp">
      <Filter>Source Files</Filter>
    </ClCompile>
    <ClCompile Include="11651.cpp">
      <Filter>Source Files</Filter>
    </ClCompile>
    <ClCompile Include="10989.cpp">
      <Filter>Source Files</Filter>
    </ClCompile>
    <ClCompile Include="11004_실패.cpp">
      <Filter>Source Files</Filter>
    </ClCompile>
    <ClCompile Include="11062.cpp">
      <Filter>Source Files</Filter>
    </ClCompile>
    <ClCompile Include="11070_실패.cpp">
      <Filter>Source Files</Filter>
    </ClCompile>
    <ClCompile Include="1463.cpp">
      <Filter>Source Files</Filter>
    </ClCompile>
    <ClCompile Include="1309.cpp">
      <Filter>Source Files</Filter>
    </ClCompile>
    <ClCompile Include="1931.cpp">
      <Filter>Source Files</Filter>
    </ClCompile>
    <ClCompile Include="1946_시간초과.cpp">
      <Filter>Source Files</Filter>
    </ClCompile>
    <ClCompile Include="2109_틀렸.cpp">
      <Filter>Source Files</Filter>
    </ClCompile>
    <ClCompile Include="11066.cpp">
      <Filter>Source Files</Filter>
    </ClCompile>
    <ClCompile Include="1260.cpp">
      <Filter>Source Files</Filter>
    </ClCompile>
    <ClCompile Include="1199.cpp">
      <Filter>Source Files</Filter>
    </ClCompile>
    <ClCompile Include="1506.cpp">
      <Filter>Source Files</Filter>
    </ClCompile>
    <ClCompile Include="2150.cpp">
      <Filter>Source Files</Filter>
    </ClCompile>
    <ClCompile Include="11375.cpp">
      <Filter>Source Files</Filter>
    </ClCompile>
    <ClCompile Include="11376.cpp">
      <Filter>Source Files</Filter>
    </ClCompile>
    <ClCompile Include="1753.cpp">
      <Filter>Source Files</Filter>
    </ClCompile>
    <ClCompile Include="2293.cpp">
      <Filter>Source Files</Filter>
    </ClCompile>
    <ClCompile Include="_11508.cpp">
      <Filter>Source Files</Filter>
    </ClCompile>
    <ClCompile Include="_10819.cpp">
      <Filter>Source Files</Filter>
    </ClCompile>
    <ClCompile Include="_5911.cpp">
      <Filter>Source Files</Filter>
    </ClCompile>
    <ClCompile Include="_1946.cpp">
      <Filter>Source Files</Filter>
    </ClCompile>
    <ClCompile Include="1.cpp">
      <Filter>Source Files</Filter>
    </ClCompile>
  </ItemGroup>
  <ItemGroup>
    <Text Include="..\..\기본틀.txt">
      <Filter>Resource Files</Filter>
    </Text>
  </ItemGroup>
</Project>